# This file was autogenerated by uv via the following command:
#    uv pip compile --python .local/vyper-matrix/0.4.2/bin/python --generate-hashes --output-file compiler/vyper/versions/0.4.2.lock compiler/vyper/versions/0.4.2.in
altgraph==0.17.5 \
    --hash=sha256:c87b395dd12fabde9c99573a9749d67da8d29ef9de0125c7f536699b4a9bc9e7 \
    --hash=sha256:f3a22400bce1b0c701683820ac4f3b159cd301acab067c51c653e06961600597
    # via
    #   macholib
    #   pyinstaller
asttokens==3.0.2 \
    --hash=sha256:3ecdbd8f2cc195f53ccada3a613538bb5f9ef6f6869129f13e03c30a677b8fe2 \
    --hash=sha256:9da13157f5b28becde0bd374fc677dcd3c290614264eff096f167c469cd9f933
    # via vyper
cbor2==5.9.0 \
    --hash=sha256:0322296b9d52f55880e300ba8ba09ecf644303b99b51138bbb1c0fb644fa7c3e \
    --hash=sha256:0485d3372fc832c5e16d4eb45fa1a20fc53e806e6c29a1d2b0d3e176cedd52b9 \
    --hash=sha256:08388ea54195738602b4c4999966bcaef6f0b17d293c9658658409d9fff96f57 \
    --hash=sha256:1d02b65f070fd726bdc310d927228975bb655d155bf059b6eb7cacefb3dca86f \
    --hash=sha256:1da96ce5d852fe3d342c1eb2c202a52d1c97edfddc9230f1be7e02674662bf26 \
    --hash=sha256:1f223dffb1bcdd2764665f04c1152943d9daa4bc124a576cd8dee1cad4264313 \
    --hash=sha256:23606d31ba1368bd1b6602e3020ee88fe9523ca80e8630faf6b2fc904fd84560 \
    --hash=sha256:2372d357d403e7912f104ff085950ffc82a5854d6d717f1ca1ce16a40a0ef5a7 \
    --hash=sha256:25bec7beb2089465382b1be72e78667fe9090598800826559c3e3008cf0db743 \
    --hash=sha256:27695cbd70c90b8de5c4a284642c2836449b14e2c2e07e3ffe0744cb7669a01b \
    --hash=sha256:2a54fbb32cb828c214f7f333a707e4aec61182e7efdc06ea5d9596d3ecee624a \
    --hash=sha256:3095dc49e75572841a9534cbfdabc2a17487ea4ee33341436abc4a7ac7245a3a \
    --hash=sha256:34a6cb15e6ab6a8eae94ad2041731cd3ef786af43a8df99f847969af5b902ee7 \
    --hash=sha256:380e534482b843e43442b87d8777a7bf9bed20cb7526f89b780c3400f617304b \
    --hash=sha256:420d2490c7836c81151b4bd591c35cffc55391e33e7e333c50fda391bcea7d31 \
    --hash=sha256:422817286c1d0ce947fb2f7eca9212b39bddd7231e8b452e2d2cc52f15332dba \
    --hash=sha256:4753a6d1bc71054d9179557bc65740860f185095ccb401d46637fff028a5b3ec \
    --hash=sha256:4aa07b392cc3d76fb31c08a46a226b58c320d1c172ff3073e864409ced7bc50f \
    --hash=sha256:4cd43d8fc374b31643b2830910f28177a606a7bc84975a62675dd3f2e320fc7b \
    --hash=sha256:5326336f633cc89dfe543c78829c16c3a6449c2c03277d1ddba99086c3323363 \
    --hash=sha256:53cfa49e0df9c639beb871d480de098eedc81eb63ff29f2dc922720d7577b676 \
    --hash=sha256:55bea0dd9a7d354e35f4e5fe58ceab393e76962713749dc3a0a64a0e5d19545e \
    --hash=sha256:5e702b02d42a5ace45425b595ffe70fe35aebaf9a3cdfdc2c758b6189c744422 \
    --hash=sha256:65f8eac3268c608533f326f0fd9010ab1b2a8a917b05edaf3853116336821669 \
    --hash=sha256:7221483fad0c63afa4244624d552abf89d7dfdbc5f5edfc56fc1ff2b4b818975 \
    --hash=sha256:7d1ddc4541e7367ac58c2470cc0df847f7137167fe4f5729e2d3cc0b993d7da4 \
    --hash=sha256:837754ece9052b3f607047e1741e5f852a538aa2b0ee3db11c82a8fa11804aa4 \
    --hash=sha256:85c7a46279ac8f226e1059275221e6b3d0e370d2bb6bd0500f9780781615bcea \
    --hash=sha256:86baf870d4c0bfc6f79de3801f3860a84ab76d9c8b0abb7f081f2c14c38d79d3 \
    --hash=sha256:971d425b3a23b75953d8853d5f9911bdeefa09d759ee3b5e6b07b5ff3cbd9073 \
    --hash=sha256:9a4907e0c3035bb8836116854ed8e56d8aef23909d601fa59706320897ec2551 \
    --hash=sha256:a9d6e4e0f988b0e766509a8071975a8ee99f930e14a524620bf38083106158d2 \
    --hash=sha256:ac684fe195c39821fca70d18afbf748f728aefbfbf88456018d299e559b8cae0 \
    --hash=sha256:ae6c706ac1d85a0b3cb3395308fd0c4d55e3202b4760773675957e93cdff45fc \
    --hash=sha256:cc5efec69055c3c470997935d95762be7e4bfd1248d88fb1a33bb7e0f45712e9 \
    --hash=sha256:d1a21c006760f95acd9509cc5a7d15d6fc82e58f721f94fa9039b4e77189a6e5 \
    --hash=sha256:d8524a8c142c3cc228e635f8a97499a6c0b18ca91382e8276565658035cdcb6d \
    --hash=sha256:dcf0f695873e5c94bd072d6af8698e72b8fb7f7a18f37e0bced1041b7111a6cf \
    --hash=sha256:f29e5c3abcc91c1aeefecde0e057bf33f1655588d3065c6560c30ceb3be6f333 \
    --hash=sha256:f797532d13469f2193e5c16e827d8df7a8c33674b19be755790b54ab231e6a73 \
    --hash=sha256:f7c9751a9611601ab326d8f5837f01379195bbf06175fb4effeb552140e7c9e8 \
    --hash=sha256:fb7afe77f8d269e42d7c4b515c6fd14f1ccc0625379fb6829b269f493d16eddd \
    --hash=sha256:fbb06f34aa645b4deca66643bba3d400d20c15312d1fe88d429be60c1ab50f27 \
    --hash=sha256:fbdcf4d74acbeb7672e6413e81cd2c1ced1a4a8cf949484ac54e9af5265c3c72
    # via vyper
immutables==0.21 \
    --hash=sha256:07a37d8699255402a10784d4d45f2bcc00ca7dba8da763207a834b15767e6c62 \
    --hash=sha256:14cb09d4f4577ad9ab8770a340dc2158e0a5ab5775cb34c75960167a31104212 \
    --hash=sha256:1bdb5200518518601377e4877d5034e7c535e9ea8a9d601ed8b0eedef0c7becd \
    --hash=sha256:21adc6b478a58692c79c5bf316b39d3fd0552441d2b38eef1782a7555deee484 \
    --hash=sha256:22ba593f95044ac60d2af463f3dc86cd0e223f8c51df85dff65d663d93e19f51 \
    --hash=sha256:25afc81a7bcf26c8364f85e52a14e0095344343e79493c73b0e9a765310a0bed \
    --hash=sha256:338bede057250b33716a3e4892e15df0bf5a5ddbf1d67ead996b3e680b49ef9e \
    --hash=sha256:39337bfb42f83dd787a81e2d00e90efa17c4a39a9cf1210b8a50dafe32438aae \
    --hash=sha256:461dcb0f58a131045155e52a2c43de6ec2fe5ba19bdced6858a3abb63cee5111 \
    --hash=sha256:4a7b5920bbfcaf038894c8ce4ed2eff0b31c3559810a61806db751be8ab4d703 \
    --hash=sha256:583d2a63e444ce1538cc2bda56ae1f4a1a11473dbc0377c82b516bc7eec3b81e \
    --hash=sha256:586e88ca7ed44b7bb2cd7b212abd2637b51bd95bdb4856ab111b44715a62071c \
    --hash=sha256:5d780c38067047911a2e06a86ba063ba0055618ab5573c8198ef3f368e321303 \
    --hash=sha256:5f8f507731d4d15e0c579aa77d8482471f988dc0f451e4bf3853ec36ccd42627 \
    --hash=sha256:715f8e5f8e1c35f036f9ac62eaf8b672eec1cdc2b4f9b73864cc64eccc76661c \
    --hash=sha256:71cbbc6fbe7e7321648047ff9273f4605f8bd5ce456841a65ef151080e9d3481 \
    --hash=sha256:79674b51aa8dd983f9ac55f7f67b433b1df84a6b4f28ab860588389a5659485b \
    --hash=sha256:7ff83390b05d3372acb9a0c928f6cc20c78e74ca20ed88eb941f84a63b65e444 \
    --hash=sha256:8781c89583b68f604cf30f0978b722165824c3075888639fde771bf1a3e12dc0 \
    --hash=sha256:8b10139b529a460e53fe8be699ebd848c54c8a33ebe67763bcfcc809a475a26f \
    --hash=sha256:8b90702d1fe313e8273ae7abb46fc0f0a87b47c1c9a83aed9a161301146e655c \
    --hash=sha256:9139fd80bb05501216f49c4306bb80d0c1a08c3f0f621ed2939bf52d7f762661 \
    --hash=sha256:93c8350f8f7d0d9693f708229d9d0578e6f3b785ce6da4bced1da97137aacfad \
    --hash=sha256:984106fa4345efd9f96de22e9949fc97bac8598bdebee03c20b2497a88bff3b7 \
    --hash=sha256:9aab9d0f0016f6e0bfe7e4a4cb831ef20063da6468b1bbc71d06ef285781ee9e \
    --hash=sha256:b24aa98f6cdae4ba15baf3aa00e84223bafcd0d3fd7f0443474527ec951845e1 \
    --hash=sha256:b274a52da9b106db55eceb93fc1aea858c4e6f4740189e3548e38613eafc2021 \
    --hash=sha256:b48b116aaca4500398058b5a87814857a60c4cb09417fecc12d7da0f5639b73d \
    --hash=sha256:b55ffaf0449790242feb4c56ab799ea7af92801a0a43f9e2f4f8af2ab24dfc4a \
    --hash=sha256:ba8bca21a1d034f4577ede1e9553a681dd01199c06b563f1a8316f2623b64985 \
    --hash=sha256:bc7844c9fbb5bece5bfdf2bf8ea74d308f42f40b0665fd25c58abf56d7db024a \
    --hash=sha256:c44f286c47dc0d4d7b5bf19fbe975e6d57c56d2878cea413e1ec7a4bfffb2727 \
    --hash=sha256:ca912c1bb35615ccbe361a6bb76e6fd43827394102467967d5599d78b50dd0f4 \
    --hash=sha256:cb9a378a4480381d7d3d63b0d201cf610eae0bf70e26a9306e3e631c9bd64010 \
    --hash=sha256:ce604f81d9d8f26e60b52ebcb56bb5c0462c8ea50fb17868487d15f048a2f13e \
    --hash=sha256:cf15314c39484b8947a4e20c3526021272510592fb2807b5136a2fcd6ab0151b \
    --hash=sha256:cfcb23bd898f5a4ef88692b42c51f52ca7373a35ba4dcc215060a668639eb5da \
    --hash=sha256:d01497713e71509c4481ffccdbe3a47b94969345f4e92f814d6626f7c0a4c304 \
    --hash=sha256:dad7c0c74b285cc0e555ec0e97acbdc6f1862fcd16b99abd612df3243732e741 \
    --hash=sha256:dd00c34f431c54c95e7b84bfdbdeacb4f039a6a24eb0c1f7aa4b168bb9a6ad0a \
    --hash=sha256:e2aadf3bdd90daa0e8cb9c3cde4070e1021036e3b57f571a007ce24f323e47a9 \
    --hash=sha256:e44346e2221a5a676c880ca8e0e6429fa24d1a4ae562573f5c04d7f2e759b030 \
    --hash=sha256:e97ea83befad873712f283c0cccd630f70cba753e207b4868af28d5b85e9dc54 \
    --hash=sha256:eac6e2868567289f88c6810f296940c328a1d38c9abc841eed04963102a27d12 \
    --hash=sha256:ecff5274357dc18aae053e5e10b8eee5e9b4d6cc774d34148c992cb2eb787ec3 \
    --hash=sha256:ef1ed262094b755903122c3c3a83ad0e0d5c3ab7887cda12b2fe878769d1ee0d \
    --hash=sha256:f6a577f55eaaf763b685eef9710edbeb7ee95e2e5f54e7e5e0fd0f60ae2eb648 \
    --hash=sha256:fc512d808662614feb17d2d92e98f611d69669a98c7af15910acf1dc72737038 \
    --hash=sha256:fc6fc7e917e281361ad243be1a3cb56a7633de88ee67c94cdf5651958ead30d9
    # via vyper
lark==1.3.1 \
    --hash=sha256:b426a7a6d6d53189d318f2b6236ab5d6429eaf09259f1ca33eb716eed10d2905 \
    --hash=sha256:c629b661023a014c37da873b4ff58a817398d12635d3bbb2c5a03be7fe5d1e12
    # via vyper
macholib==1.16.4 \
    --hash=sha256:da1a3fa8266e30f0ce7e97c6a54eefaae8edd1e5f86f3eb8b95457cae90265ea \
    --hash=sha256:f408c93ab2e995cd2c46e34fe328b130404be143469e41bc366c807448979362
    # via pyinstaller
packaging==26.3 \
    --hash=sha256:94edc256424af38762eb31306eed28beb9f0efc50a8837492c9d6fd6004aed79 \
    --hash=sha256:d7193f7c8e4e93f444fde0262bf90af30e16fa0ad0ad44cb553c87339b23cd1c
    # via
    #   pyinstaller
    #   pyinstaller-hooks-contrib
    #   vyper
    #   wheel
pycryptodome==3.23.0 \
    --hash=sha256:0011f7f00cdb74879142011f95133274741778abba114ceca229adbf8e62c3e4 \
    --hash=sha256:11eeeb6917903876f134b56ba11abe95c0b0fd5e3330def218083c7d98bbcb3c \
    --hash=sha256:14e15c081e912c4b0d75632acd8382dfce45b258667aa3c67caf7a4d4c13f630 \
    --hash=sha256:156df9667ad9f2ad26255926524e1c136d6664b741547deb0a86a9acf5ea631f \
    --hash=sha256:187058ab80b3281b1de11c2e6842a357a1f71b42cb1e15bce373f3d238135c27 \
    --hash=sha256:257bb3572c63ad8ba40b89f6fc9d63a2a628e9f9708d31ee26560925ebe0210a \
    --hash=sha256:350ebc1eba1da729b35ab7627a833a1a355ee4e852d8ba0447fafe7b14504d56 \
    --hash=sha256:447700a657182d60338bab09fdb27518f8856aecd80ae4c6bdddb67ff5da44ef \
    --hash=sha256:45c69ad715ca1a94f778215a11e66b7ff989d792a4d63b68dc586a1da1392ff5 \
    --hash=sha256:4764e64b269fc83b00f682c47443c2e6e85b18273712b98aa43bcb77f8570477 \
    --hash=sha256:507dbead45474b62b2bbe318eb1c4c8ee641077532067fec9c1aa82c31f84886 \
    --hash=sha256:53ecbafc2b55353edcebd64bf5da94a2a2cdf5090a6915bcca6eca6cc452585a \
    --hash=sha256:573a0b3017e06f2cffd27d92ef22e46aa3be87a2d317a5abf7cc0e84e321bd75 \
    --hash=sha256:63dad881b99ca653302b2c7191998dd677226222a3f2ea79999aa51ce695f720 \
    --hash=sha256:64093fc334c1eccfd3933c134c4457c34eaca235eeae49d69449dc4728079339 \
    --hash=sha256:6501790c5b62a29fcb227bd6b62012181d886a767ce9ed03b303d1f22eb5c625 \
    --hash=sha256:67bd81fcbe34f43ad9422ee8fd4843c8e7198dd88dd3d40e6de42ee65fbe1490 \
    --hash=sha256:6fe8258e2039eceb74dfec66b3672552b6b7d2c235b2dfecc05d16b8921649a8 \
    --hash=sha256:763d1d74f56f031788e5d307029caef067febf890cd1f8bf61183ae142f1a77b \
    --hash=sha256:7ac1080a8da569bde76c0a104589c4f414b8ba296c0b3738cf39a466a9fb1818 \
    --hash=sha256:865d83c906b0fc6a59b510deceee656b6bc1c4fa0d82176e2b77e97a420a996a \
    --hash=sha256:89d4d56153efc4d81defe8b65fd0821ef8b2d5ddf8ed19df31ba2f00872b8002 \
    --hash=sha256:90460fc9e088ce095f9ee8356722d4f10f86e5be06e2354230a9880b9c549aae \
    --hash=sha256:93837e379a3e5fd2bb00302a47aee9fdf7940d83595be3915752c74033d17ca7 \
    --hash=sha256:954af0e2bd7cea83ce72243b14e4fb518b18f0c1649b576d114973e2073b273d \
    --hash=sha256:9a53a4fe5cb075075d515797d6ce2f56772ea7e6a1e5e4b96cf78a14bac3d265 \
    --hash=sha256:9a77627a330ab23ca43b48b130e202582e91cc69619947840ea4d2d1be21eb39 \
    --hash=sha256:a176b79c49af27d7f6c12e4b178b0824626f40a7b9fed08f712291b6d54bf566 \
    --hash=sha256:a7fc76bf273353dc7e5207d172b83f569540fc9a28d63171061c42e361d22353 \
    --hash=sha256:aa0698f65e5b570426fc31b8162ed4603b0c2841cbb9088e2b01641e3065915b \
    --hash=sha256:b34e8e11d97889df57166eda1e1ddd7676da5fcd4d71a0062a760e75060514b4 \
    --hash=sha256:c75b52aacc6c0c260f204cbdd834f76edc9fb0d8e0da9fbf8352ef58202564e2 \
    --hash=sha256:c8987bd3307a39bc03df5c8e0e3d8be0c4c3518b7f044b0f4c15d1aa78f52575 \
    --hash=sha256:ce64e84a962b63a47a592690bdc16a7eaf709d2c2697ababf24a0def566899a6 \
    --hash=sha256:cfb5cd445280c5b0a4e6187a7ce8de5a07b5f3f897f235caa11f1f435f182843 \
    --hash=sha256:d8e95564beb8782abfd9e431c974e14563a794a4944c29d6d3b7b5ea042110b4 \
    --hash=sha256:d97618c9c6684a97ef7637ba43bdf6663a2e2e77efe0f863cce97a76af396446 \
    --hash=sha256:ddb95b49df036ddd264a0ad246d1be5b672000f12d6961ea2c267083a5e19379 \
    --hash=sha256:dea827b4d55ee390dc89b2afe5927d4308a8b538ae91d9c6f7a5090f397af1aa \
    --hash=sha256:e3f2d0aaf8080bda0587d58fc9fe4766e012441e2eed4269a77de6aea981c8be \
    --hash=sha256:eb8f24adb74984aa0e5d07a2368ad95276cf38051fe2dc6605cbcf482e04f2a7
    # via vyper
pyinstaller==6.22.2 \
    --hash=sha256:0260eaad6be3f6fbc1affffe6dc7b8e5b636dbca51b463224daba971610b6fc1 \
    --hash=sha256:06d7b3827a8049db4a2d47e3ec4ae2f69a1041577d8833b8f169745cde573ab4 \
    --hash=sha256:7bee432404eca5dc3ef37c36811c266561b03988f6d3e70ab0fa5352dd5de9e4 \
    --hash=sha256:89b65a3ad07d9dd5832253e37bc45f31872d10d7f9d5c9fd0fdd6088a83829dd \
    --hash=sha256:8c2c4b14caad38c1f3df8e9bf5276fc265e27fe8b4180cab4a37864288427bc0 \
    --hash=sha256:9622686ecc5d5fa492fe6cde29d47df9dd41138cff8177be9f901ca3260f2096 \
    --hash=sha256:9a078877caa3920558a3242d0a7019fe5b825cff4b65ed380c7d1e1bd200ddd9 \
    --hash=sha256:9b990fa6bbe143572f06644a984ad0d7aa2e2ccc6929d4916031343a5888e9a7 \
    --hash=sha256:afb6f9a95d19b6dcd3a7decc40d9adb6ba9c4f8802ddd6c972dfb552953f384e \
    --hash=sha256:becb47ad78272bede87acf2ed830d7545a8f65ab11d06a68fe2b99ba1afaac6d \
    --hash=sha256:ebd1b1ca932d7cf25d7366ce691aaf79a5ff9425811ed7328b5116e4471b6d6d \
    --hash=sha256:f5ccb847451df4207bce18bf53a57b124c9bb4e7e4bad08c5ecc627bcf00b28c
    # via -r compiler/vyper/versions/0.4.2.in
pyinstaller-hooks-contrib==2026.7 \
    --hash=sha256:24257a04c7a5a7a034cf28e39dcee20fbeeb9f043076729480f2e1b69904408a \
    --hash=sha256:5fbcaacb22c4f4aac869a127dce283f67a4b4cfcc37d496f2446603e6d68aefa
    # via pyinstaller
setuptools==84.0.0 \
    --hash=sha256:51a52592b3b99e102b609654876bd65f19f999935166d1352678931132b0c670 \
    --hash=sha256:f4695c21257f0d9b537ec2692c941d02ee143b7cc1276941349a546573b2ef73
    # via pyinstaller
vyper==0.4.2 \
    --hash=sha256:4de5cc48f6d9710d097857d4446a9ddccef5826030f34f6f7cc076cd0135806d \
    --hash=sha256:847d2310551273519b9e7eb46191fdcf61943865e251b28157f773aa5beea9a1
    # via -r compiler/vyper/versions/0.4.2.in
wheel==0.48.0 \
    --hash=sha256:3217dcc807155e45db462d7ef2431f5ddda0d7273b700d05a67b271ceb1287ab \
    --hash=sha256:94800765601e9171bf5d58d066e640662842bcedcbab982b2c90787a2c987322
    # via vyper
